
Microsoft Visual Studio Solution File, Format Version 12.00
Project("{FAE04EC0-301F-11D3-BF4B-00C04F79EFBC}") = "TrinketFactoryWeb", "TrinketFactoryWeb\TrinketFactoryWeb.csproj", "{B33BD794-87D6-4E8B-B177-94F102E558A9}"
EndProject
Project("{FAE04EC0-301F-11D3-BF4B-00C04F79EFBC}") = "ExchangeRateAPI", "ExchangeRateAPI\ExchangeRateAPI.csproj", "{5B53ABB2-1D23-4E94-915F-367B156A5C12}"
EndProject
Global
	GlobalSection(SolutionConfigurationPlatforms) = preSolution
		Debug|Any CPU = Debug|Any CPU
		Release|Any CPU = Release|Any CPU
	EndGlobalSection
	GlobalSection(ProjectConfigurationPlatforms) = postSolution
		{B33BD794-87D6-4E8B-B177-94F102E558A9}.Debug|Any CPU.ActiveCfg = Debug|Any CPU
		{B33BD794-87D6-4E8B-B177-94F102E558A9}.Debug|Any CPU.Build.0 = Debug|Any CPU
		{B33BD794-87D6-4E8B-B177-94F102E558A9}.Release|Any CPU.ActiveCfg = Release|Any CPU
		{B33BD794-87D6-4E8B-B177-94F102E558A9}.Release|Any CPU.Build.0 = Release|Any CPU
		{5B53ABB2-1D23-4E94-915F-367B156A5C12}.Debug|Any CPU.ActiveCfg = Debug|Any CPU
		{5B53ABB2-1D23-4E94-915F-367B156A5C12}.Debug|Any CPU.Build.0 = Debug|Any CPU
		{5B53ABB2-1D23-4E94-915F-367B156A5C12}.Release|Any CPU.ActiveCfg = Release|Any CPU
		{5B53ABB2-1D23-4E94-915F-367B156A5C12}.Release|Any CPU.Build.0 = Release|Any CPU
	EndGlobalSection
EndGlobal
